
Microsoft Visual Studio Solution File, Format Version 12.00
# Visual Studio Version 17
VisualStudioVersion = 17.14.36511.14 d17.14
MinimumVisualStudioVersion = 10.0.40219.1
Project("{FAE04EC0-301F-11D3-BF4B-00C04F79EFBC}") = "ConsoleApp_Checkpoint_2", "ConsoleApp_Checkpoint_2.csproj", "{C079266B-2F32-46C4-9AF5-09828BAFF755}"
EndProject
Global
	GlobalSection(SolutionConfigurationPlatforms) = preSolution
		Debug|Any CPU = Debug|Any CPU
		Release|Any CPU = Release|Any CPU
	EndGlobalSection
	GlobalSection(ProjectConfigurationPlatforms) = postSolution
		{C079266B-2F32-46C4-9AF5-09828BAFF755}.Debug|Any CPU.ActiveCfg = Debug|Any CPU
		{C079266B-2F32-46C4-9AF5-09828BAFF755}.Debug|Any CPU.Build.0 = Debug|Any CPU
		{C079266B-2F32-46C4-9AF5-09828BAFF755}.Release|Any CPU.ActiveCfg = Release|Any CPU
		{C079266B-2F32-46C4-9AF5-09828BAFF755}.Release|Any CPU.Build.0 = Release|Any CPU
	EndGlobalSection
	GlobalSection(SolutionProperties) = preSolution
		HideSolutionNode = FALSE
	EndGlobalSection
	GlobalSection(ExtensibilityGlobals) = postSolution
		SolutionGuid = {477560D5-DCA6-4EDD-A4F7-BFCCE4EDEFDF}
	EndGlobalSection
EndGlobal
